
Microsoft Visual Studio Solution File, Format Version 12.00
# Visual Studio 15
VisualStudioVersion = 15.0.27130.2024
MinimumVisualStudioVersion = 10.0.40219.1
Project("{2150E333-8FDC-42A3-9474-1A3956D46DE8}") = "src", "src", "{ED3176A3-6F01-4E98-9005-16211ED94B28}"
EndProject
Project("{FAE04EC0-301F-11D3-BF4B-00C04F79EFBC}") = "TalkToMe.Core", "src\TalkToMe.Core\TalkToMe.Core.csproj", "{5F6CE723-0854-492A-AD5F-9988C2374C63}"
EndProject
Project("{2150E333-8FDC-42A3-9474-1A3956D46DE8}") = "test", "test", "{23D12FA7-3A63-4A8F-9914-A1A55E122E57}"
EndProject
Project("{FAE04EC0-301F-11D3-BF4B-00C04F79EFBC}") = "TalkToMe.UI", "src\TalkToMe.UI\TalkToMe.UI.csproj", "{BEBB9C44-7A41-46B8-B2B0-64569946A6F7}"
EndProject
Project("{FAE04EC0-301F-11D3-BF4B-00C04F79EFBC}") = "TalkToMe.Core.Unittest", "test\TalkToMe.Core.Unittest\TalkToMe.Core.Unittest.csproj", "{EFE9A52D-0624-477C-9C92-AD969A232164}"
EndProject
Global
	GlobalSection(SolutionConfigurationPlatforms) = preSolution
		Debug|Any CPU = Debug|Any CPU
		Release|Any CPU = Release|Any CPU
	EndGlobalSection
	GlobalSection(ProjectConfigurationPlatforms) = postSolution
		{5F6CE723-0854-492A-AD5F-9988C2374C63}.Debug|Any CPU.ActiveCfg = Debug|Any CPU
		{5F6CE723-0854-492A-AD5F-9988C2374C63}.Debug|Any CPU.Build.0 = Debug|Any CPU
		{5F6CE723-0854-492A-AD5F-9988C2374C63}.Release|Any CPU.ActiveCfg = Release|Any CPU
		{5F6CE723-0854-492A-AD5F-9988C2374C63}.Release|Any CPU.Build.0 = Release|Any CPU
		{BEBB9C44-7A41-46B8-B2B0-64569946A6F7}.Debug|Any CPU.ActiveCfg = Debug|Any CPU
		{BEBB9C44-7A41-46B8-B2B0-64569946A6F7}.Debug|Any CPU.Build.0 = Debug|Any CPU
		{BEBB9C44-7A41-46B8-B2B0-64569946A6F7}.Release|Any CPU.ActiveCfg = Release|Any CPU
		{BEBB9C44-7A41-46B8-B2B0-64569946A6F7}.Release|Any CPU.Build.0 = Release|Any CPU
		{EFE9A52D-0624-477C-9C92-AD969A232164}.Debug|Any CPU.ActiveCfg = Debug|Any CPU
		{EFE9A52D-0624-477C-9C92-AD969A232164}.Debug|Any CPU.Build.0 = Debug|Any CPU
		{EFE9A52D-0624-477C-9C92-AD969A232164}.Release|Any CPU.ActiveCfg = Release|Any CPU
		{EFE9A52D-0624-477C-9C92-AD969A232164}.Release|Any CPU.Build.0 = Release|Any CPU
	EndGlobalSection
	GlobalSection(SolutionProperties) = preSolution
		HideSolutionNode = FALSE
	EndGlobalSection
	GlobalSection(NestedProjects) = preSolution
		{5F6CE723-0854-492A-AD5F-9988C2374C63} = {ED3176A3-6F01-4E98-9005-16211ED94B28}
		{BEBB9C44-7A41-46B8-B2B0-64569946A6F7} = {ED3176A3-6F01-4E98-9005-16211ED94B28}
		{EFE9A52D-0624-477C-9C92-AD969A232164} = {23D12FA7-3A63-4A8F-9914-A1A55E122E57}
	EndGlobalSection
	GlobalSection(ExtensibilityGlobals) = postSolution
		SolutionGuid = {7195BC68-F6DE-4C2A-B4E2-E50E76FF332E}
	EndGlobalSection
EndGlobal
