
Microsoft Visual Studio Solution File, Format Version 12.00
# Visual Studio 15
VisualStudioVersion = 15.0.27130.2024
MinimumVisualStudioVersion = 10.0.40219.1
Project("{FAE04EC0-301F-11D3-BF4B-00C04F79EFBC}") = "TalkToMe.Core", "TalkToMe.Core\TalkToMe.Core.csproj", "{5F6CE723-0854-492A-AD5F-9988C2374C63}"
EndProject
Global
	GlobalSection(SolutionConfigurationPlatforms) = preSolution
		Debug|Any CPU = Debug|Any CPU
		Release|Any CPU = Release|Any CPU
	EndGlobalSection
	GlobalSection(ProjectConfigurationPlatforms) = postSolution
		{5F6CE723-0854-492A-AD5F-9988C2374C63}.Debug|Any CPU.ActiveCfg = Debug|Any CPU
		{5F6CE723-0854-492A-AD5F-9988C2374C63}.Debug|Any CPU.Build.0 = Debug|Any CPU
		{5F6CE723-0854-492A-AD5F-9988C2374C63}.Release|Any CPU.ActiveCfg = Release|Any CPU
		{5F6CE723-0854-492A-AD5F-9988C2374C63}.Release|Any CPU.Build.0 = Release|Any CPU
	EndGlobalSection
	GlobalSection(SolutionProperties) = preSolution
		HideSolutionNode = FALSE
	EndGlobalSection
	GlobalSection(ExtensibilityGlobals) = postSolution
		SolutionGuid = {7195BC68-F6DE-4C2A-B4E2-E50E76FF332E}
	EndGlobalSection
EndGlobal
